
Microsoft Visual Studio Solution File, Format Version 12.00
# Visual Studio 15
VisualStudioVersion = 15.0.27703.2047
MinimumVisualStudioVersion = 10.0.40219.1
Project("{8BC9CEB8-8B4A-11D0-8D11-00A0C91BC942}") = "문제1번", "문제1번\문제1번.vcxproj", "{D0899118-4269-44C1-9632-D01FB0C8142C}"
EndProject
Global
	GlobalSection(SolutionConfigurationPlatforms) = preSolution
		Debug|x64 = Debug|x64
		Debug|x86 = Debug|x86
		Release|x64 = Release|x64
		Release|x86 = Release|x86
	EndGlobalSection
	GlobalSection(ProjectConfigurationPlatforms) = postSolution
		{D0899118-4269-44C1-9632-D01FB0C8142C}.Debug|x64.ActiveCfg = Debug|x64
		{D0899118-4269-44C1-9632-D01FB0C8142C}.Debug|x64.Build.0 = Debug|x64
		{D0899118-4269-44C1-9632-D01FB0C8142C}.Debug|x86.ActiveCfg = Debug|Win32
		{D0899118-4269-44C1-9632-D01FB0C8142C}.Debug|x86.Build.0 = Debug|Win32
		{D0899118-4269-44C1-9632-D01FB0C8142C}.Release|x64.ActiveCfg = Release|x64
		{D0899118-4269-44C1-9632-D01FB0C8142C}.Release|x64.Build.0 = Release|x64
		{D0899118-4269-44C1-9632-D01FB0C8142C}.Release|x86.ActiveCfg = Release|Win32
		{D0899118-4269-44C1-9632-D01FB0C8142C}.Release|x86.Build.0 = Release|Win32
	EndGlobalSection
	GlobalSection(SolutionProperties) = preSolution
		HideSolutionNode = FALSE
	EndGlobalSection
	GlobalSection(ExtensibilityGlobals) = postSolution
		SolutionGuid = {2B579CF9-07E9-485B-81C9-BEE1B6535729}
	EndGlobalSection
EndGlobal
